
Microsoft Visual Studio Solution File, Format Version 12.00
# Visual Studio 15
VisualStudioVersion = 15.0.25123.0
MinimumVisualStudioVersion = 10.0.40219.1
Project("{FAE04EC0-301F-11D3-BF4B-00C04F79EFBC}") = "JsonUtilsToolbar", "JsonUtilsToolbar\JsonUtilsToolbar.csproj", "{1307F48C-039E-4F65-AE49-0124220D8D66}"
EndProject
Project("{FAE04EC0-301F-11D3-BF4B-00C04F79EFBC}") = "Xamasoft.JsonClassGenerator", "Xamasoft.JsonClassGenerator\Xamasoft.JsonClassGenerator.csproj", "{E3634856-105C-404D-9020-9AF575B2F76F}"
EndProject
Global
	GlobalSection(SolutionConfigurationPlatforms) = preSolution
		Debug|Any CPU = Debug|Any CPU
		Release|Any CPU = Release|Any CPU
	EndGlobalSection
	GlobalSection(ProjectConfigurationPlatforms) = postSolution
		{1307F48C-039E-4F65-AE49-0124220D8D66}.Debug|Any CPU.ActiveCfg = Debug|Any CPU
		{1307F48C-039E-4F65-AE49-0124220D8D66}.Debug|Any CPU.Build.0 = Debug|Any CPU
		{1307F48C-039E-4F65-AE49-0124220D8D66}.Release|Any CPU.ActiveCfg = Release|Any CPU
		{1307F48C-039E-4F65-AE49-0124220D8D66}.Release|Any CPU.Build.0 = Release|Any CPU
		{E3634856-105C-404D-9020-9AF575B2F76F}.Debug|Any CPU.ActiveCfg = Debug|Any CPU
		{E3634856-105C-404D-9020-9AF575B2F76F}.Debug|Any CPU.Build.0 = Debug|Any CPU
		{E3634856-105C-404D-9020-9AF575B2F76F}.Release|Any CPU.ActiveCfg = Release|Any CPU
		{E3634856-105C-404D-9020-9AF575B2F76F}.Release|Any CPU.Build.0 = Release|Any CPU
	EndGlobalSection
	GlobalSection(SolutionProperties) = preSolution
		HideSolutionNode = FALSE
	EndGlobalSection
EndGlobal
